# @generated - this file is auto-generated by `mise lock` https://mise.jdx.dev/dev-tools/mise-lock.html

[[tools.flutter]]
version = "3.44.2"
backend = "http:flutter"

[tools.flutter."platforms.linux-x64"]
checksum = "sha256:b0de1d19754688ec6769c9a067db3b0594479d3d767f971bfecfc132904c8d5e"
url = "https://storage.googleapis.com/flutter_infra_release/releases/stable/linux/flutter_linux_3.44.2-stable.tar.xz"

[tools.flutter."platforms.macos-arm64"]
checksum = "sha256:57fbfdc7032678ab30ad577872bbfc4114a25d3cba94fbfa14a050ec61381a23"
url = "https://storage.googleapis.com/flutter_infra_release/releases/stable/macos/flutter_macos_arm64_3.44.2-stable.zip"

[tools.flutter."platforms.macos-x64"]
checksum = "sha256:024d4e941ceb7c09fd9036e025c71bb8ce7e90eb2956fa8041a3260169aa2478"
url = "https://storage.googleapis.com/flutter_infra_release/releases/stable/macos/flutter_macos_3.44.2-stable.zip"

[tools.flutter."platforms.windows-x64"]
checksum = "sha256:d79ae99807ba744b843e54f048308c629061456fdc7b0753251fb96eb5346a0e"
url = "https://storage.googleapis.com/flutter_infra_release/releases/stable/windows/flutter_windows_3.44.2-stable.zip"

[[tools.gradle]]
version = "9.1.0"
backend = "aqua:gradle/gradle"

[tools.gradle."platforms.linux-arm64"]
checksum = "sha256:a17ddd85a26b6a7f5ddb71ff8b05fc5104c0202c6e64782429790c933686c806"
url = "https://github.com/gradle/gradle-distributions/releases/download/v9.1.0/gradle-9.1.0-bin.zip"
url_api = "https://api.github.com/repos/gradle/gradle-distributions/releases/assets/294652020"

[tools.gradle."platforms.linux-x64"]
checksum = "sha256:a17ddd85a26b6a7f5ddb71ff8b05fc5104c0202c6e64782429790c933686c806"
url = "https://github.com/gradle/gradle-distributions/releases/download/v9.1.0/gradle-9.1.0-bin.zip"
url_api = "https://api.github.com/repos/gradle/gradle-distributions/releases/assets/294652020"

[tools.gradle."platforms.macos-arm64"]
checksum = "sha256:a17ddd85a26b6a7f5ddb71ff8b05fc5104c0202c6e64782429790c933686c806"
url = "https://github.com/gradle/gradle-distributions/releases/download/v9.1.0/gradle-9.1.0-bin.zip"
url_api = "https://api.github.com/repos/gradle/gradle-distributions/releases/assets/294652020"

[tools.gradle."platforms.macos-x64"]
checksum = "sha256:a17ddd85a26b6a7f5ddb71ff8b05fc5104c0202c6e64782429790c933686c806"
url = "https://github.com/gradle/gradle-distributions/releases/download/v9.1.0/gradle-9.1.0-bin.zip"
url_api = "https://api.github.com/repos/gradle/gradle-distributions/releases/assets/294652020"

[tools.gradle."platforms.windows-x64"]
checksum = "sha256:a17ddd85a26b6a7f5ddb71ff8b05fc5104c0202c6e64782429790c933686c806"
url = "https://github.com/gradle/gradle-distributions/releases/download/v9.1.0/gradle-9.1.0-bin.zip"
url_api = "https://api.github.com/repos/gradle/gradle-distributions/releases/assets/294652020"

[[tools.java]]
version = "liberica-17.0.6+10"
backend = "core:java"

[tools.java."platforms.linux-arm64"]
checksum = "sha1:3f35ee9fac9ab87b163333bc6c7802753730a680"
url = "https://github.com/bell-sw/Liberica/releases/download/17.0.6%2B10/bellsoft-jdk17.0.6%2B10-linux-aarch64.tar.gz"

[tools.java."platforms.linux-x64"]
checksum = "sha1:3921ead0629aa003b3ec3afad7557bbea397fb1e"
url = "https://github.com/bell-sw/Liberica/releases/download/17.0.6%2B10/bellsoft-jdk17.0.6%2B10-linux-amd64.tar.gz"

[tools.java."platforms.macos-arm64"]
checksum = "sha1:2af64f6f557c6cbf96cac7022eba2c9779a6be7a"
url = "https://github.com/bell-sw/Liberica/releases/download/17.0.6%2B10/bellsoft-jdk17.0.6%2B10-macos-aarch64.tar.gz"

[tools.java."platforms.macos-x64"]
checksum = "sha1:e78e899e7a6449751c5431d53a9cb9ed001da90d"
url = "https://github.com/bell-sw/Liberica/releases/download/17.0.6%2B10/bellsoft-jdk17.0.6%2B10-macos-amd64.tar.gz"

[tools.java."platforms.windows-x64"]
checksum = "sha1:04397d865b19e2d4b8102f4070b6c7a946846d6a"
url = "https://github.com/bell-sw/Liberica/releases/download/17.0.6%2B10/bellsoft-jdk17.0.6%2B10-windows-amd64.zip"

[[tools.ruby]]
version = "3.3.0"
backend = "core:ruby"

[tools.ruby."platforms.windows-x64"]
url = "https://github.com/oneclick/rubyinstaller2/releases/download/RubyInstaller-3.3.0-1/rubyinstaller-3.3.0-1-x64.7z"

[[tools.ruby]]
version = "3.3.0"
backend = "core:ruby"

[tools.ruby.options]
compile = "false"
precompiled_url = "jdx/ruby"
ruby_build_repo = "https://github.com/rbenv/ruby-build.git"
ruby_install = "false"

[tools.ruby."platforms.linux-arm64"]
checksum = "sha256:d03e0e1dc566aa6512baffb9373be48d36d4fde3ca9b58e0184eb5113a507eda"
url = "https://github.com/jdx/ruby/releases/download/3.3.0-4/ruby-3.3.0.arm64_linux.tar.gz"
provenance = "github-attestations"

[tools.ruby."platforms.linux-x64"]
checksum = "sha256:7b2cec2a09b60b225b2b216938332ea009cf17dd21b9a2096aeaf963df957641"
url = "https://github.com/jdx/ruby/releases/download/3.3.0-4/ruby-3.3.0.x86_64_linux.tar.gz"
provenance = "github-attestations"

[tools.ruby."platforms.macos-arm64"]
checksum = "sha256:0f3be0a98f46c6771f546ae753a6affd5f87dda4e5fbb222424c39a7fa82a99a"
url = "https://github.com/jdx/ruby/releases/download/3.3.0-4/ruby-3.3.0.macos.tar.gz"
provenance = "github-attestations"

[tools.ruby."platforms.macos-x64"]
checksum = "sha256:96518814d9832bece92a85415a819d4893b307db5921ae1f0f751a9a89a56b7d"
url = "https://cache.ruby-lang.org/pub/ruby/3.3/ruby-3.3.0.tar.gz"
