PODS:
  - FlutterMacOS (1.0.0)
  - purchases_flutter (4.3.0-SNAPSHOT):
    - FlutterMacOS
    - PurchasesHybridCommon (= 4.3.1)
  - PurchasesHybridCommon (4.3.1):
    - RevenueCat (= 4.13.1)
  - RevenueCat (4.13.1)

DEPENDENCIES:
  - FlutterMacOS (from `Flutter/ephemeral`)
  - purchases_flutter (from `Flutter/ephemeral/.symlinks/plugins/purchases_flutter/macos`)

SPEC REPOS:
  trunk:
    - PurchasesHybridCommon
    - RevenueCat

EXTERNAL SOURCES:
  FlutterMacOS:
    :path: Flutter/ephemeral
  purchases_flutter:
    :path: Flutter/ephemeral/.symlinks/plugins/purchases_flutter/macos

SPEC CHECKSUMS:
  FlutterMacOS: ae6af50a8ea7d6103d888583d46bd8328a7e9811
  purchases_flutter: cdb637a94e240c1c4622bb40b2ba2f99df1b75b8
  PurchasesHybridCommon: df3dc4516c633dd9c5ac902d56dc3659e5150661
  RevenueCat: f713337182aeda810fe6602f817f0909285cc1d4

PODFILE CHECKSUM: a884f6dd3f7494f3892ee6c81feea3a3abbf9153

COCOAPODS: 1.11.3
