PODS:
  - FlutterMacOS (1.0.0)
  - purchases_flutter (4.2.0):
    - FlutterMacOS
    - PurchasesHybridCommon (= 4.1.4)
  - PurchasesHybridCommon (4.1.4):
    - RevenueCat (= 4.10.2)
  - RevenueCat (4.10.2)

DEPENDENCIES:
  - FlutterMacOS (from `Flutter/ephemeral`)
  - purchases_flutter (from `Flutter/ephemeral/.symlinks/plugins/purchases_flutter/macos`)

SPEC REPOS:
  trunk:
    - PurchasesHybridCommon
    - RevenueCat

EXTERNAL SOURCES:
  FlutterMacOS:
    :path: Flutter/ephemeral
  purchases_flutter:
    :path: Flutter/ephemeral/.symlinks/plugins/purchases_flutter/macos

SPEC CHECKSUMS:
  FlutterMacOS: 57701585bf7de1b3fc2bb61f6378d73bbdea8424
  purchases_flutter: 38910e5a5cbff75d75629f4294cd203794f283ba
  PurchasesHybridCommon: f0a833fab15d3665acb509c0e84109c69aa8896e
  RevenueCat: 8c2f703179a96f35d113e5b2185a11154dc9e5ad

PODFILE CHECKSUM: a884f6dd3f7494f3892ee6c81feea3a3abbf9153

COCOAPODS: 1.11.3
