PODS:
  - FlutterMacOS (1.0.0)
  - purchases_flutter (3.10.0):
    - FlutterMacOS
    - PurchasesHybridCommon (= 3.2.0)
  - PurchasesHybridCommon (3.2.0):
    - RevenueCat (= 4.4.1)
  - RevenueCat (4.4.1)

DEPENDENCIES:
  - FlutterMacOS (from `Flutter/ephemeral`)
  - purchases_flutter (from `Flutter/ephemeral/.symlinks/plugins/purchases_flutter/macos`)

SPEC REPOS:
  trunk:
    - PurchasesHybridCommon
    - RevenueCat

EXTERNAL SOURCES:
  FlutterMacOS:
    :path: Flutter/ephemeral
  purchases_flutter:
    :path: Flutter/ephemeral/.symlinks/plugins/purchases_flutter/macos

SPEC CHECKSUMS:
  FlutterMacOS: 57701585bf7de1b3fc2bb61f6378d73bbdea8424
  purchases_flutter: 68da65f949611d0b48193d226842a31157b3d469
  PurchasesHybridCommon: 94646adacd70245ba640212cf6452cd263f6a92f
  RevenueCat: f5a9e82749bb89208db31624eb07746e3ebd5b26

PODFILE CHECKSUM: a884f6dd3f7494f3892ee6c81feea3a3abbf9153

COCOAPODS: 1.11.3
