PODS:
  - Flutter (1.0.0)
  - purchases_flutter (4.2.1):
    - Flutter
    - PurchasesHybridCommon (= 4.2.1)
  - PurchasesHybridCommon (4.2.1):
    - RevenueCat (= 4.11.0)
  - RevenueCat (4.11.0)

DEPENDENCIES:
  - Flutter (from `Flutter`)
  - purchases_flutter (from `.symlinks/plugins/purchases_flutter/ios`)

SPEC REPOS:
  trunk:
    - PurchasesHybridCommon
    - RevenueCat

EXTERNAL SOURCES:
  Flutter:
    :path: Flutter
  purchases_flutter:
    :path: ".symlinks/plugins/purchases_flutter/ios"

SPEC CHECKSUMS:
  Flutter: f04841e97a9d0b0a8025694d0796dd46242b2854
  purchases_flutter: 13f561706580dccea79396d9cfb02c7d88185d6e
  PurchasesHybridCommon: 99e50f0429cd2a7f7495c867945b4f6ec3cd3f47
  RevenueCat: daea606706c9d1a3182e89768bd80e664c49bce6

PODFILE CHECKSUM: 7368163408c647b7eb699d0d788ba6718e18fb8d

COCOAPODS: 1.11.3
