PODS:
  - Flutter (1.0.0)
  - Purchases (3.12.3):
    - PurchasesCoreSwift (= 3.12.3)
  - purchases_flutter (3.4.5):
    - Flutter
    - PurchasesHybridCommon (= 1.9.1)
  - PurchasesCoreSwift (3.12.3)
  - PurchasesHybridCommon (1.9.1):
    - Purchases (= 3.12.3)

DEPENDENCIES:
  - Flutter (from `Flutter`)
  - purchases_flutter (from `.symlinks/plugins/purchases_flutter/ios`)

SPEC REPOS:
  trunk:
    - Purchases
    - PurchasesCoreSwift
    - PurchasesHybridCommon

EXTERNAL SOURCES:
  Flutter:
    :path: Flutter
  purchases_flutter:
    :path: ".symlinks/plugins/purchases_flutter/ios"

SPEC CHECKSUMS:
  Flutter: 434fef37c0980e73bb6479ef766c45957d4b510c
  Purchases: e9839517aea4335136f3946ae228eecf5131cc25
  purchases_flutter: ff55c9a04b918dd20d20030d5b5f5a5859c28cb9
  PurchasesCoreSwift: dd3fd55a9895abd7906a3842bd36c7f7539a99d1
  PurchasesHybridCommon: 1d98dd58935a4fa1009c6e17f8b740973147b899

PODFILE CHECKSUM: a75497545d4391e2d394c3668e20cfb1c2bbd4aa

COCOAPODS: 1.10.2
