PODS:
  - Flutter (1.0.0)
  - purchases_flutter (4.1.0):
    - Flutter
    - PurchasesHybridCommon (= 4.1.0)
  - PurchasesHybridCommon (4.1.0):
    - RevenueCat (= 4.10.0)
  - RevenueCat (4.10.0)

DEPENDENCIES:
  - Flutter (from `Flutter`)
  - purchases_flutter (from `.symlinks/plugins/purchases_flutter/ios`)

SPEC REPOS:
  trunk:
    - PurchasesHybridCommon
    - RevenueCat

EXTERNAL SOURCES:
  Flutter:
    :path: Flutter
  purchases_flutter:
    :path: ".symlinks/plugins/purchases_flutter/ios"

SPEC CHECKSUMS:
  Flutter: 50d75fe2f02b26cc09d224853bb45737f8b3214a
  purchases_flutter: d8e2b8e0474a98f5ba465f9edd29798a457c0b64
  PurchasesHybridCommon: abb7364e75272d3a23957fede9e58b84141deefc
  RevenueCat: 1fd18820548e7c38677055a8ffc4aac530fa1851

PODFILE CHECKSUM: 7368163408c647b7eb699d0d788ba6718e18fb8d

COCOAPODS: 1.11.3
