PODS:
  - Flutter (1.0.0)
  - integration_test (0.0.1):
    - Flutter
  - Purchases (3.11.0):
    - PurchasesCoreSwift (= 3.11.0)
  - purchases_flutter (3.2.2):
    - Flutter
    - PurchasesHybridCommon (= 1.7.0)
  - PurchasesCoreSwift (3.11.0)
  - PurchasesHybridCommon (1.7.0):
    - Purchases (= 3.11.0)

DEPENDENCIES:
  - Flutter (from `Flutter`)
  - integration_test (from `.symlinks/plugins/integration_test/ios`)
  - purchases_flutter (from `.symlinks/plugins/purchases_flutter/ios`)

SPEC REPOS:
  trunk:
    - Purchases
    - PurchasesCoreSwift
    - PurchasesHybridCommon

EXTERNAL SOURCES:
  Flutter:
    :path: Flutter
  integration_test:
    :path: ".symlinks/plugins/integration_test/ios"
  purchases_flutter:
    :path: ".symlinks/plugins/purchases_flutter/ios"

SPEC CHECKSUMS:
  Flutter: 434fef37c0980e73bb6479ef766c45957d4b510c
  integration_test: 5ed24a436eb7ec17b6a13046e9bf7ca4a404e59e
  Purchases: 4ea4c742e6c3d41de457dc482972dd6346ca5654
  purchases_flutter: 92f498a79b56875943af86b1448fe7f73e92651b
  PurchasesCoreSwift: cae29de1aeda5d13caf68d69c847ddb01e224ab1
  PurchasesHybridCommon: 5e42e387b9d5f702cd01a9f7e7885ac917745e83

PODFILE CHECKSUM: a75497545d4391e2d394c3668e20cfb1c2bbd4aa

COCOAPODS: 1.10.1
