PODS:
  - Flutter (1.0.0)
  - integration_test (0.0.1):
    - Flutter
  - purchases_flutter (4.2.2):
    - Flutter
    - PurchasesHybridCommon (= 4.2.2)
  - PurchasesHybridCommon (4.2.2):
    - RevenueCat (= 4.11.0)
  - RevenueCat (4.11.0)

DEPENDENCIES:
  - Flutter (from `Flutter`)
  - integration_test (from `.symlinks/plugins/integration_test/ios`)
  - purchases_flutter (from `.symlinks/plugins/purchases_flutter/ios`)

SPEC REPOS:
  trunk:
    - PurchasesHybridCommon
    - RevenueCat

EXTERNAL SOURCES:
  Flutter:
    :path: Flutter
  integration_test:
    :path: ".symlinks/plugins/integration_test/ios"
  purchases_flutter:
    :path: ".symlinks/plugins/purchases_flutter/ios"

SPEC CHECKSUMS:
  Flutter: f04841e97a9d0b0a8025694d0796dd46242b2854
  integration_test: a1e7d09bd98eca2fc37aefd79d4f41ad37bdbbe5
  purchases_flutter: 36a9044dd30c311b0cb17d81298706d4e6ad8079
  PurchasesHybridCommon: 6365a748333fb82e2f4710f9e265fd229ba4c381
  RevenueCat: daea606706c9d1a3182e89768bd80e664c49bce6

PODFILE CHECKSUM: 76aaac2b301aa40241aa71d54b58fe3a3c060f7b

COCOAPODS: 1.11.3
